
Microsoft Visual Studio Solution File, Format Version 12.00
# Visual Studio Version 17
VisualStudioVersion = 17.14.36414.22
MinimumVisualStudioVersion = 10.0.40219.1
Project("{2150E333-8FDC-42A3-9474-1A3956D46DE8}") = "Task0", "Task0", "{02EA681E-C7D8-13C7-8484-4AC65E1B71E8}"
EndProject
Project("{FAE04EC0-301F-11D3-BF4B-00C04F79EFBC}") = "Tyuiu.RagozinaAD.Sprint0.Task0.V0", "Tyuiu.RagozinaAD.Sprint0.Task0.V0\Tyuiu.RagozinaAD.Sprint0.Task0.V0.csproj", "{98CC8512-287F-41E4-9BCF-FCF6B0C60883}"
EndProject
Project("{2150E333-8FDC-42A3-9474-1A3956D46DE8}") = "Task1", "Task1", "{B0CAFDBA-23CA-4ECF-8FA4-C16D0B3F7761}"
EndProject
Project("{FAE04EC0-301F-11D3-BF4B-00C04F79EFBC}") = "Tyuiu.RagozinaAD.Sprint0.Task1.V0", "Tyuiu.RagozinaAD.Sprint0.Task1.V0\Tyuiu.RagozinaAD.Sprint0.Task1.V0.csproj", "{BA50E376-6CDD-43B6-BE32-4434CB303190}"
EndProject
Project("{2150E333-8FDC-42A3-9474-1A3956D46DE8}") = "Task2", "Task2", "{DC462F1D-45E0-4EFB-859B-117CC78D52DA}"
EndProject
Project("{FAE04EC0-301F-11D3-BF4B-00C04F79EFBC}") = "Tyuiu.RagozinaAD.Sprint0.Task2.V0", "Tyuiu.RagozinaAD.Sprint0.Task2.V0\Tyuiu.RagozinaAD.Sprint0.Task2.V0.csproj", "{9DE41075-408A-40AC-A2FF-372491E7651A}"
EndProject
Project("{FAE04EC0-301F-11D3-BF4B-00C04F79EFBC}") = "Tyuiu.RagozinaAD.Sprint0.Task2.V0.Lib", "Tyuiu.RagozinaAD.Sprint0.Task2.V0.Lib\Tyuiu.RagozinaAD.Sprint0.Task2.V0.Lib.csproj", "{33017EDB-9C40-4483-8627-22AEF13707B0}"
EndProject
Project("{FAE04EC0-301F-11D3-BF4B-00C04F79EFBC}") = "Tyuiu.RagozinaAD.Sprint0.Task2.V0.Test", "Tyuiu.RagozinaAD.Sprint0.Task2.V0.Test\Tyuiu.RagozinaAD.Sprint0.Task2.V0.Test.csproj", "{A6529ED2-DD6B-4C63-AF49-0B0A2D4B292F}"
EndProject
Project("{2150E333-8FDC-42A3-9474-1A3956D46DE8}") = "Task3", "Task3", "{6372A1B2-9A44-4669-80BF-1D93F73BA899}"
EndProject
Project("{FAE04EC0-301F-11D3-BF4B-00C04F79EFBC}") = "Tyuiu.RagozinaAD.Sprint0.Task3.V0", "Tyuiu.RagozinaAD.Sprint0.Task3.V0\Tyuiu.RagozinaAD.Sprint0.Task3.V0.csproj", "{C08D7284-A6FE-4BAA-BEA8-FB60D0439B78}"
EndProject
Project("{FAE04EC0-301F-11D3-BF4B-00C04F79EFBC}") = "Tyuiu.RagozinaAD.Sprint0.Task3.V0.Lib", "Tyuiu.RagozinaAD.Sprint0.Task3.V0.Lib\Tyuiu.RagozinaAD.Sprint0.Task3.V0.Lib.csproj", "{8A751F77-BCDC-4539-97B0-F990562E34A6}"
EndProject
Project("{FAE04EC0-301F-11D3-BF4B-00C04F79EFBC}") = "Tyuiu.RagozinaAD.Sprint0.Task3.V0.Test", "Tyuiu.RagozinaAD.Sprint0.Task3.V0.Test\Tyuiu.RagozinaAD.Sprint0.Task3.V0.Test.csproj", "{834ED624-EF66-4DD7-9EFC-FA424D0A30A1}"
EndProject
Project("{2150E333-8FDC-42A3-9474-1A3956D46DE8}") = "Task4", "Task4", "{2B4D3EA0-D559-49B3-8DE7-A70FC109F00F}"
EndProject
Project("{FAE04EC0-301F-11D3-BF4B-00C04F79EFBC}") = "Tyuiu.RagozinaAD.Sprint0.Task4.V0", "Tyuiu.RagozinaAD.Sprint0.Task4.V0\Tyuiu.RagozinaAD.Sprint0.Task4.V0.csproj", "{23247C0E-AF76-4A16-9D64-21933311ECE9}"
EndProject
Project("{FAE04EC0-301F-11D3-BF4B-00C04F79EFBC}") = "Tyuiu.RagozinaAD.Sprint0.Task4.V0.Lib", "Tyuiu.RagozinaAD.Sprint0.Task4.V0.Lib\Tyuiu.RagozinaAD.Sprint0.Task4.V0.Lib.csproj", "{D72CB402-5CAB-4409-838C-A74D619D1368}"
EndProject
Project("{FAE04EC0-301F-11D3-BF4B-00C04F79EFBC}") = "Tyuiu.RagozinaAD.Sprint0.Task4.V0.Test", "Tyuiu.RagozinaAD.Sprint0.Task4.V0.Test\Tyuiu.RagozinaAD.Sprint0.Task4.V0.Test.csproj", "{0011FB52-8E79-4043-BC3C-177F97D17A67}"
EndProject
Global
	GlobalSection(SolutionConfigurationPlatforms) = preSolution
		Debug|Any CPU = Debug|Any CPU
		Release|Any CPU = Release|Any CPU
	EndGlobalSection
	GlobalSection(ProjectConfigurationPlatforms) = postSolution
		{98CC8512-287F-41E4-9BCF-FCF6B0C60883}.Debug|Any CPU.ActiveCfg = Debug|Any CPU
		{98CC8512-287F-41E4-9BCF-FCF6B0C60883}.Debug|Any CPU.Build.0 = Debug|Any CPU
		{98CC8512-287F-41E4-9BCF-FCF6B0C60883}.Release|Any CPU.ActiveCfg = Release|Any CPU
		{98CC8512-287F-41E4-9BCF-FCF6B0C60883}.Release|Any CPU.Build.0 = Release|Any CPU
		{BA50E376-6CDD-43B6-BE32-4434CB303190}.Debug|Any CPU.ActiveCfg = Debug|Any CPU
		{BA50E376-6CDD-43B6-BE32-4434CB303190}.Debug|Any CPU.Build.0 = Debug|Any CPU
		{BA50E376-6CDD-43B6-BE32-4434CB303190}.Release|Any CPU.ActiveCfg = Release|Any CPU
		{BA50E376-6CDD-43B6-BE32-4434CB303190}.Release|Any CPU.Build.0 = Release|Any CPU
		{9DE41075-408A-40AC-A2FF-372491E7651A}.Debug|Any CPU.ActiveCfg = Debug|Any CPU
		{9DE41075-408A-40AC-A2FF-372491E7651A}.Debug|Any CPU.Build.0 = Debug|Any CPU
		{9DE41075-408A-40AC-A2FF-372491E7651A}.Release|Any CPU.ActiveCfg = Release|Any CPU
		{9DE41075-408A-40AC-A2FF-372491E7651A}.Release|Any CPU.Build.0 = Release|Any CPU
		{33017EDB-9C40-4483-8627-22AEF13707B0}.Debug|Any CPU.ActiveCfg = Debug|Any CPU
		{33017EDB-9C40-4483-8627-22AEF13707B0}.Debug|Any CPU.Build.0 = Debug|Any CPU
		{33017EDB-9C40-4483-8627-22AEF13707B0}.Release|Any CPU.ActiveCfg = Release|Any CPU
		{33017EDB-9C40-4483-8627-22AEF13707B0}.Release|Any CPU.Build.0 = Release|Any CPU
		{A6529ED2-DD6B-4C63-AF49-0B0A2D4B292F}.Debug|Any CPU.ActiveCfg = Debug|Any CPU
		{A6529ED2-DD6B-4C63-AF49-0B0A2D4B292F}.Debug|Any CPU.Build.0 = Debug|Any CPU
		{A6529ED2-DD6B-4C63-AF49-0B0A2D4B292F}.Release|Any CPU.ActiveCfg = Release|Any CPU
		{A6529ED2-DD6B-4C63-AF49-0B0A2D4B292F}.Release|Any CPU.Build.0 = Release|Any CPU
		{C08D7284-A6FE-4BAA-BEA8-FB60D0439B78}.Debug|Any CPU.ActiveCfg = Debug|Any CPU
		{C08D7284-A6FE-4BAA-BEA8-FB60D0439B78}.Debug|Any CPU.Build.0 = Debug|Any CPU
		{C08D7284-A6FE-4BAA-BEA8-FB60D0439B78}.Release|Any CPU.ActiveCfg = Release|Any CPU
		{C08D7284-A6FE-4BAA-BEA8-FB60D0439B78}.Release|Any CPU.Build.0 = Release|Any CPU
		{8A751F77-BCDC-4539-97B0-F990562E34A6}.Debug|Any CPU.ActiveCfg = Debug|Any CPU
		{8A751F77-BCDC-4539-97B0-F990562E34A6}.Debug|Any CPU.Build.0 = Debug|Any CPU
		{8A751F77-BCDC-4539-97B0-F990562E34A6}.Release|Any CPU.ActiveCfg = Release|Any CPU
		{8A751F77-BCDC-4539-97B0-F990562E34A6}.Release|Any CPU.Build.0 = Release|Any CPU
		{834ED624-EF66-4DD7-9EFC-FA424D0A30A1}.Debug|Any CPU.ActiveCfg = Debug|Any CPU
		{834ED624-EF66-4DD7-9EFC-FA424D0A30A1}.Debug|Any CPU.Build.0 = Debug|Any CPU
		{834ED624-EF66-4DD7-9EFC-FA424D0A30A1}.Release|Any CPU.ActiveCfg = Release|Any CPU
		{834ED624-EF66-4DD7-9EFC-FA424D0A30A1}.Release|Any CPU.Build.0 = Release|Any CPU
		{23247C0E-AF76-4A16-9D64-21933311ECE9}.Debug|Any CPU.ActiveCfg = Debug|Any CPU
		{23247C0E-AF76-4A16-9D64-21933311ECE9}.Debug|Any CPU.Build.0 = Debug|Any CPU
		{23247C0E-AF76-4A16-9D64-21933311ECE9}.Release|Any CPU.ActiveCfg = Release|Any CPU
		{23247C0E-AF76-4A16-9D64-21933311ECE9}.Release|Any CPU.Build.0 = Release|Any CPU
		{D72CB402-5CAB-4409-838C-A74D619D1368}.Debug|Any CPU.ActiveCfg = Debug|Any CPU
		{D72CB402-5CAB-4409-838C-A74D619D1368}.Debug|Any CPU.Build.0 = Debug|Any CPU
		{D72CB402-5CAB-4409-838C-A74D619D1368}.Release|Any CPU.ActiveCfg = Release|Any CPU
		{D72CB402-5CAB-4409-838C-A74D619D1368}.Release|Any CPU.Build.0 = Release|Any CPU
		{0011FB52-8E79-4043-BC3C-177F97D17A67}.Debug|Any CPU.ActiveCfg = Debug|Any CPU
		{0011FB52-8E79-4043-BC3C-177F97D17A67}.Debug|Any CPU.Build.0 = Debug|Any CPU
		{0011FB52-8E79-4043-BC3C-177F97D17A67}.Release|Any CPU.ActiveCfg = Release|Any CPU
		{0011FB52-8E79-4043-BC3C-177F97D17A67}.Release|Any CPU.Build.0 = Release|Any CPU
	EndGlobalSection
	GlobalSection(SolutionProperties) = preSolution
		HideSolutionNode = FALSE
	EndGlobalSection
	GlobalSection(NestedProjects) = preSolution
		{98CC8512-287F-41E4-9BCF-FCF6B0C60883} = {02EA681E-C7D8-13C7-8484-4AC65E1B71E8}
		{BA50E376-6CDD-43B6-BE32-4434CB303190} = {B0CAFDBA-23CA-4ECF-8FA4-C16D0B3F7761}
		{9DE41075-408A-40AC-A2FF-372491E7651A} = {DC462F1D-45E0-4EFB-859B-117CC78D52DA}
		{33017EDB-9C40-4483-8627-22AEF13707B0} = {DC462F1D-45E0-4EFB-859B-117CC78D52DA}
		{A6529ED2-DD6B-4C63-AF49-0B0A2D4B292F} = {DC462F1D-45E0-4EFB-859B-117CC78D52DA}
		{C08D7284-A6FE-4BAA-BEA8-FB60D0439B78} = {6372A1B2-9A44-4669-80BF-1D93F73BA899}
		{8A751F77-BCDC-4539-97B0-F990562E34A6} = {6372A1B2-9A44-4669-80BF-1D93F73BA899}
		{834ED624-EF66-4DD7-9EFC-FA424D0A30A1} = {6372A1B2-9A44-4669-80BF-1D93F73BA899}
		{23247C0E-AF76-4A16-9D64-21933311ECE9} = {2B4D3EA0-D559-49B3-8DE7-A70FC109F00F}
		{D72CB402-5CAB-4409-838C-A74D619D1368} = {2B4D3EA0-D559-49B3-8DE7-A70FC109F00F}
		{0011FB52-8E79-4043-BC3C-177F97D17A67} = {2B4D3EA0-D559-49B3-8DE7-A70FC109F00F}
	EndGlobalSection
	GlobalSection(ExtensibilityGlobals) = postSolution
		SolutionGuid = {17F2D84C-247C-419B-BB4D-FCCF63ABA409}
	EndGlobalSection
EndGlobal
