
Microsoft Visual Studio Solution File, Format Version 12.00
# Visual Studio Version 17
VisualStudioVersion = 17.14.36414.22
MinimumVisualStudioVersion = 10.0.40219.1
Project("{2150E333-8FDC-42A3-9474-1A3956D46DE8}") = "Task0", "Task0", "{02EA681E-C7D8-13C7-8484-4AC65E1B71E8}"
EndProject
Project("{FAE04EC0-301F-11D3-BF4B-00C04F79EFBC}") = "Tyuiu.RagozinaAD.Sprint0.Task0.V0", "Tyuiu.RagozinaAD.Sprint0.Task0.V0\Tyuiu.RagozinaAD.Sprint0.Task0.V0.csproj", "{98CC8512-287F-41E4-9BCF-FCF6B0C60883}"
EndProject
Project("{2150E333-8FDC-42A3-9474-1A3956D46DE8}") = "Task1", "Task1", "{B0CAFDBA-23CA-4ECF-8FA4-C16D0B3F7761}"
EndProject
Project("{FAE04EC0-301F-11D3-BF4B-00C04F79EFBC}") = "Tyuiu.RagozinaAD.Sprint0.Task1.V0", "Tyuiu.RagozinaAD.Sprint0.Task1.V0\Tyuiu.RagozinaAD.Sprint0.Task1.V0.csproj", "{BA50E376-6CDD-43B6-BE32-4434CB303190}"
EndProject
Project("{2150E333-8FDC-42A3-9474-1A3956D46DE8}") = "Task2", "Task2", "{DC462F1D-45E0-4EFB-859B-117CC78D52DA}"
EndProject
Project("{FAE04EC0-301F-11D3-BF4B-00C04F79EFBC}") = "Tyuiu.RagozinaAD.Sprint0.Task2.V0", "Tyuiu.RagozinaAD.Sprint0.Task2.V0\Tyuiu.RagozinaAD.Sprint0.Task2.V0.csproj", "{9DE41075-408A-40AC-A2FF-372491E7651A}"
EndProject
Project("{FAE04EC0-301F-11D3-BF4B-00C04F79EFBC}") = "Tyuiu.RagozinaAD.Sprint0.Task2.V0.Lib", "Tyuiu.RagozinaAD.Sprint0.Task2.V0.Lib\Tyuiu.RagozinaAD.Sprint0.Task2.V0.Lib.csproj", "{33017EDB-9C40-4483-8627-22AEF13707B0}"
EndProject
Project("{FAE04EC0-301F-11D3-BF4B-00C04F79EFBC}") = "Tyuiu.RagozinaAD.Sprint0.Task2.V0.Test", "Tyuiu.RagozinaAD.Sprint0.Task2.V0.Test\Tyuiu.RagozinaAD.Sprint0.Task2.V0.Test.csproj", "{A6529ED2-DD6B-4C63-AF49-0B0A2D4B292F}"
EndProject
Global
	GlobalSection(SolutionConfigurationPlatforms) = preSolution
		Debug|Any CPU = Debug|Any CPU
		Release|Any CPU = Release|Any CPU
	EndGlobalSection
	GlobalSection(ProjectConfigurationPlatforms) = postSolution
		{98CC8512-287F-41E4-9BCF-FCF6B0C60883}.Debug|Any CPU.ActiveCfg = Debug|Any CPU
		{98CC8512-287F-41E4-9BCF-FCF6B0C60883}.Debug|Any CPU.Build.0 = Debug|Any CPU
		{98CC8512-287F-41E4-9BCF-FCF6B0C60883}.Release|Any CPU.ActiveCfg = Release|Any CPU
		{98CC8512-287F-41E4-9BCF-FCF6B0C60883}.Release|Any CPU.Build.0 = Release|Any CPU
		{BA50E376-6CDD-43B6-BE32-4434CB303190}.Debug|Any CPU.ActiveCfg = Debug|Any CPU
		{BA50E376-6CDD-43B6-BE32-4434CB303190}.Debug|Any CPU.Build.0 = Debug|Any CPU
		{BA50E376-6CDD-43B6-BE32-4434CB303190}.Release|Any CPU.ActiveCfg = Release|Any CPU
		{BA50E376-6CDD-43B6-BE32-4434CB303190}.Release|Any CPU.Build.0 = Release|Any CPU
		{9DE41075-408A-40AC-A2FF-372491E7651A}.Debug|Any CPU.ActiveCfg = Debug|Any CPU
		{9DE41075-408A-40AC-A2FF-372491E7651A}.Debug|Any CPU.Build.0 = Debug|Any CPU
		{9DE41075-408A-40AC-A2FF-372491E7651A}.Release|Any CPU.ActiveCfg = Release|Any CPU
		{9DE41075-408A-40AC-A2FF-372491E7651A}.Release|Any CPU.Build.0 = Release|Any CPU
		{33017EDB-9C40-4483-8627-22AEF13707B0}.Debug|Any CPU.ActiveCfg = Debug|Any CPU
		{33017EDB-9C40-4483-8627-22AEF13707B0}.Debug|Any CPU.Build.0 = Debug|Any CPU
		{33017EDB-9C40-4483-8627-22AEF13707B0}.Release|Any CPU.ActiveCfg = Release|Any CPU
		{33017EDB-9C40-4483-8627-22AEF13707B0}.Release|Any CPU.Build.0 = Release|Any CPU
		{A6529ED2-DD6B-4C63-AF49-0B0A2D4B292F}.Debug|Any CPU.ActiveCfg = Debug|Any CPU
		{A6529ED2-DD6B-4C63-AF49-0B0A2D4B292F}.Debug|Any CPU.Build.0 = Debug|Any CPU
		{A6529ED2-DD6B-4C63-AF49-0B0A2D4B292F}.Release|Any CPU.ActiveCfg = Release|Any CPU
		{A6529ED2-DD6B-4C63-AF49-0B0A2D4B292F}.Release|Any CPU.Build.0 = Release|Any CPU
	EndGlobalSection
	GlobalSection(SolutionProperties) = preSolution
		HideSolutionNode = FALSE
	EndGlobalSection
	GlobalSection(NestedProjects) = preSolution
		{98CC8512-287F-41E4-9BCF-FCF6B0C60883} = {02EA681E-C7D8-13C7-8484-4AC65E1B71E8}
		{BA50E376-6CDD-43B6-BE32-4434CB303190} = {B0CAFDBA-23CA-4ECF-8FA4-C16D0B3F7761}
		{9DE41075-408A-40AC-A2FF-372491E7651A} = {DC462F1D-45E0-4EFB-859B-117CC78D52DA}
		{33017EDB-9C40-4483-8627-22AEF13707B0} = {DC462F1D-45E0-4EFB-859B-117CC78D52DA}
		{A6529ED2-DD6B-4C63-AF49-0B0A2D4B292F} = {DC462F1D-45E0-4EFB-859B-117CC78D52DA}
	EndGlobalSection
	GlobalSection(ExtensibilityGlobals) = postSolution
		SolutionGuid = {17F2D84C-247C-419B-BB4D-FCCF63ABA409}
	EndGlobalSection
EndGlobal
